Microsoft Visual Studio Solution File, Format Version 12.00
# Visual Studio Version 17
VisualStudioVersion = 17.5.2.0
MinimumVisualStudioVersion = 10.0.40219.1
Project("{2150E333-8FDC-42A3-9474-1A3956D46DE8}") = "Client", "Client", "{2CB42F12-E813-91B3-7D11-3220E40BEF4A}"
EndProject
Project("{2150E333-8FDC-42A3-9474-1A3956D46DE8}") = "MainServer", "MainServer", "{89CF9B5E-80B0-2711-94B9-2C534B17D618}"
EndProject
Project("{2150E333-8FDC-42A3-9474-1A3956D46DE8}") = "Shared", "Shared", "{4F52FD11-658E-A102-6CD3-7D7C16FFA15B}"
EndProject
Project("{FAE04EC0-301F-11D3-BF4B-00C04F79EFBC}") = "BlazorApp", "Client\BlazorApp\BlazorApp.csproj", "{918D34C4-6581-84BE-0B2E-883F1D5CC243}"
EndProject
Project("{FAE04EC0-301F-11D3-BF4B-00C04F79EFBC}") = "Data", "MainServer\Data\Data.csproj", "{2B5255EC-5D68-43E2-EC37-1DD89964A473}"
EndProject
Project("{FAE04EC0-301F-11D3-BF4B-00C04F79EFBC}") = "Model", "MainServer\Model\Model.csproj", "{007ECE98-93DB-A354-BE43-A940B12A824B}"
EndProject
Project("{FAE04EC0-301F-11D3-BF4B-00C04F79EFBC}") = "Repositories", "MainServer\Repositories\Repositories.csproj", "{BA7AC729-F68B-7F8B-69C1-8423931AFDD6}"
EndProject
Project("{FAE04EC0-301F-11D3-BF4B-00C04F79EFBC}") = "RepositoryInterfaces", "MainServer\RepositoryInterfaces\RepositoryInterfaces.csproj", "{E5A80674-A4C4-16AB-B7B0-E5F008544DBB}"
EndProject
Project("{FAE04EC0-301F-11D3-BF4B-00C04F79EFBC}") = "WebAPI", "MainServer\WebAPI\WebAPI.csproj", "{EC3AB277-E592-D392-E395-F30F301C2409}"
EndProject
Project("{FAE04EC0-301F-11D3-BF4B-00C04F79EFBC}") = "DTOs", "Shared\DTOs\DTOs.csproj", "{B1E608D4-9EDC-D8E4-DB45-CB8925C4BEAC}"
EndProject
Global
	GlobalSection(SolutionConfigurationPlatforms) = preSolution
		Debug|Any CPU = Debug|Any CPU
		Release|Any CPU = Release|Any CPU
	EndGlobalSection
	GlobalSection(ProjectConfigurationPlatforms) = postSolution
		{918D34C4-6581-84BE-0B2E-883F1D5CC243}.Debug|Any CPU.ActiveCfg = Debug|Any CPU
		{918D34C4-6581-84BE-0B2E-883F1D5CC243}.Debug|Any CPU.Build.0 = Debug|Any CPU
		{918D34C4-6581-84BE-0B2E-883F1D5CC243}.Release|Any CPU.ActiveCfg = Release|Any CPU
		{918D34C4-6581-84BE-0B2E-883F1D5CC243}.Release|Any CPU.Build.0 = Release|Any CPU
		{2B5255EC-5D68-43E2-EC37-1DD89964A473}.Debug|Any CPU.ActiveCfg = Debug|Any CPU
		{2B5255EC-5D68-43E2-EC37-1DD89964A473}.Debug|Any CPU.Build.0 = Debug|Any CPU
		{2B5255EC-5D68-43E2-EC37-1DD89964A473}.Release|Any CPU.ActiveCfg = Release|Any CPU
		{2B5255EC-5D68-43E2-EC37-1DD89964A473}.Release|Any CPU.Build.0 = Release|Any CPU
		{007ECE98-93DB-A354-BE43-A940B12A824B}.Debug|Any CPU.ActiveCfg = Debug|Any CPU
		{007ECE98-93DB-A354-BE43-A940B12A824B}.Debug|Any CPU.Build.0 = Debug|Any CPU
		{007ECE98-93DB-A354-BE43-A940B12A824B}.Release|Any CPU.ActiveCfg = Release|Any CPU
		{007ECE98-93DB-A354-BE43-A940B12A824B}.Release|Any CPU.Build.0 = Release|Any CPU
		{BA7AC729-F68B-7F8B-69C1-8423931AFDD6}.Debug|Any CPU.ActiveCfg = Debug|Any CPU
		{BA7AC729-F68B-7F8B-69C1-8423931AFDD6}.Debug|Any CPU.Build.0 = Debug|Any CPU
		{BA7AC729-F68B-7F8B-69C1-8423931AFDD6}.Release|Any CPU.ActiveCfg = Release|Any CPU
		{BA7AC729-F68B-7F8B-69C1-8423931AFDD6}.Release|Any CPU.Build.0 = Release|Any CPU
		{E5A80674-A4C4-16AB-B7B0-E5F008544DBB}.Debug|Any CPU.ActiveCfg = Debug|Any CPU
		{E5A80674-A4C4-16AB-B7B0-E5F008544DBB}.Debug|Any CPU.Build.0 = Debug|Any CPU
		{E5A80674-A4C4-16AB-B7B0-E5F008544DBB}.Release|Any CPU.ActiveCfg = Release|Any CPU
		{E5A80674-A4C4-16AB-B7B0-E5F008544DBB}.Release|Any CPU.Build.0 = Release|Any CPU
		{EC3AB277-E592-D392-E395-F30F301C2409}.Debug|Any CPU.ActiveCfg = Debug|Any CPU
		{EC3AB277-E592-D392-E395-F30F301C2409}.Debug|Any CPU.Build.0 = Debug|Any CPU
		{EC3AB277-E592-D392-E395-F30F301C2409}.Release|Any CPU.ActiveCfg = Release|Any CPU
		{EC3AB277-E592-D392-E395-F30F301C2409}.Release|Any CPU.Build.0 = Release|Any CPU
		{B1E608D4-9EDC-D8E4-DB45-CB8925C4BEAC}.Debug|Any CPU.ActiveCfg = Debug|Any CPU
		{B1E608D4-9EDC-D8E4-DB45-CB8925C4BEAC}.Debug|Any CPU.Build.0 = Debug|Any CPU
		{B1E608D4-9EDC-D8E4-DB45-CB8925C4BEAC}.Release|Any CPU.ActiveCfg = Release|Any CPU
		{B1E608D4-9EDC-D8E4-DB45-CB8925C4BEAC}.Release|Any CPU.Build.0 = Release|Any CPU
	EndGlobalSection
	GlobalSection(SolutionProperties) = preSolution
		HideSolutionNode = FALSE
	EndGlobalSection
	GlobalSection(NestedProjects) = preSolution
		{918D34C4-6581-84BE-0B2E-883F1D5CC243} = {2CB42F12-E813-91B3-7D11-3220E40BEF4A}
		{2B5255EC-5D68-43E2-EC37-1DD89964A473} = {89CF9B5E-80B0-2711-94B9-2C534B17D618}
		{007ECE98-93DB-A354-BE43-A940B12A824B} = {89CF9B5E-80B0-2711-94B9-2C534B17D618}
		{BA7AC729-F68B-7F8B-69C1-8423931AFDD6} = {89CF9B5E-80B0-2711-94B9-2C534B17D618}
		{E5A80674-A4C4-16AB-B7B0-E5F008544DBB} = {89CF9B5E-80B0-2711-94B9-2C534B17D618}
		{EC3AB277-E592-D392-E395-F30F301C2409} = {89CF9B5E-80B0-2711-94B9-2C534B17D618}
		{B1E608D4-9EDC-D8E4-DB45-CB8925C4BEAC} = {4F52FD11-658E-A102-6CD3-7D7C16FFA15B}
	EndGlobalSection
	GlobalSection(ExtensibilityGlobals) = postSolution
		SolutionGuid = {D9639666-E3F9-48EB-AD95-9F2593155285}
	EndGlobalSection
EndGlobal
